{
  "requires": true,
  "lockfileVersion": 1,
  "dependencies": {
    "uf2": {
      "version": "1.0.0",
      "resolved": "https://registry.npmjs.org/uf2/-/uf2-1.0.0.tgz",
      "integrity": "sha512-eLBWi1GZ2UJUOiaDctEXsBdMKZvauitLfDtyumu8L3amkfurOJWbI505crvCeyyXK+4gm12jpImkCALgaM8kig=="
    }
  }
}
